PODS:
  - CocoaLumberjack (1.6.3):
    - CocoaLumberjack/Core
    - CocoaLumberjack/Extensions
  - CocoaLumberjack/Core (1.6.3)
  - CocoaLumberjack/Extensions (1.6.3):
    - CocoaLumberjack/Core
  - HockeySDK (3.5.0)

DEPENDENCIES:
  - CocoaLumberjack
  - HockeySDK

SPEC CHECKSUMS:
  CocoaLumberjack: d62b2c37c8bdac37094d710bfa978eb6e2fe650e
  HockeySDK: 685e6ca0b78668ef8b595fba17fe087ea6074b05

COCOAPODS: 0.29.0
